// !$*UTF8*$!
{
	archiveVersion = 1;
	classes = {
	};
	objectVersion = 50;
	objects = {

/* Begin PBXBuildFile section */
		E27A66ED2156CFFA0042B561 /* Photo.swift in Sources */ = {isa = PBXBuildFile; fileRef = E27A66EC2156CFFA0042B561 /* Photo.swift */; };
		E280768B216FB35200AE53D7 /* Photorama.xcdatamodeld in Sources */ = {isa = PBXBuildFile; fileRef = E2807689216FB35200AE53D7 /* Photorama.xcdatamodeld */; };
		E2945EC1214EE43300496248 /* AppDelegate.swift in Sources */ = {isa = PBXBuildFile; fileRef = E2945EC0214EE43300496248 /* AppDelegate.swift */; };
		E2945EC6214EE43300496248 /* Main.storyboard in Resources */ = {isa = PBXBuildFile; fileRef = E2945EC4214EE43300496248 /* Main.storyboard */; };
		E2945EC8214EE43500496248 /* Assets.xcassets in Resources */ = {isa = PBXBuildFile; fileRef = E2945EC7214EE43500496248 /* Assets.xcassets */; };
		E2945ECB214EE43500496248 /* LaunchScreen.storyboard in Resources */ = {isa = PBXBuildFile; fileRef = E2945EC9214EE43500496248 /* LaunchScreen.storyboard */; };
		E2945ED6214EE43500496248 /* PhotoramaTests.swift in Sources */ = {isa = PBXBuildFile; fileRef = E2945ED5214EE43500496248 /* PhotoramaTests.swift */; };
		E2945EE1214EE43500496248 /* PhotoramaUITests.swift in Sources */ = {isa = PBXBuildFile; fileRef = E2945EE0214EE43500496248 /* PhotoramaUITests.swift */; };
		E2945EEF214EE48400496248 /* PhotosViewController.swift in Sources */ = {isa = PBXBuildFile; fileRef = E2945EEE214EE48400496248 /* PhotosViewController.swift */; };
		E2945EF1214EE8B800496248 /* FlickrAPI.swift in Sources */ = {isa = PBXBuildFile; fileRef = E2945EF0214EE8B800496248 /* FlickrAPI.swift */; };
		E2945EF3214EFD0F00496248 /* PhotoStore.swift in Sources */ = {isa = PBXBuildFile; fileRef = E2945EF2214EFD0F00496248 /* PhotoStore.swift */; };
		E2C11313216436B5005B7382 /* PhotoCollectionViewCell.swift in Sources */ = {isa = PBXBuildFile; fileRef = E2C11312216436B5005B7382 /* PhotoCollectionViewCell.swift */; };
		E2C11315216AB554005B7382 /* ImageStore.swift in Sources */ = {isa = PBXBuildFile; fileRef = E2C11314216AB554005B7382 /* ImageStore.swift */; };
		E2C11319216ABA4B005B7382 /* PhotoInfoViewController.swift in Sources */ = {isa = PBXBuildFile; fileRef = E2C11318216ABA4B005B7382 /* PhotoInfoViewController.swift */; };
		E2CDA6B02161AFC1000F38F6 /* PhotoDataSource.swift in Sources */ = {isa = PBXBuildFile; fileRef = E2CDA6AF2161AFC1000F38F6 /* PhotoDataSource.swift */; };
/* End PBXBuildFile section */

/* Begin PBXContainerItemProxy section */
		E2945ED2214EE43500496248 /* PBXContainerItemProxy */ = {
			isa = PBXContainerItemProxy;
			containerPortal = E2945EB5214EE43300496248 /* Project object */;
			proxyType = 1;
			remoteGlobalIDString = E2945EBC214EE43300496248;
			remoteInfo = Photorama;
		};
		E2945EDD214EE43500496248 /* PBXContainerItemProxy */ = {
			isa = PBXContainerItemProxy;
			containerPortal = E2945EB5214EE43300496248 /* Project object */;
			proxyType = 1;
			remoteGlobalIDString = E2945EBC214EE43300496248;
			remoteInfo = Photorama;
		};
/* End PBXContainerItemProxy section */

/* Begin PBXFileReference section */
		E27A66EC2156CFFA0042B561 /* Photo.swift */ = {isa = PBXFileReference; lastKnownFileType = sourcecode.swift; path = Photo.swift; sourceTree = "<group>"; };
		E280768A216FB35200AE53D7 /* Photorama.xcdatamodel */ = {isa = PBXFileReference; lastKnownFileType = wrapper.xcdatamodel; path = Photorama.xcdatamodel; sourceTree = "<group>"; };
		E2945EBD214EE43300496248 /* Photorama.app */ = {isa = PBXFileReference; explicitFileType = wrapper.application; includeInIndex = 0; path = Photorama.app; sourceTree = BUILT_PRODUCTS_DIR; };
		E2945EC0214EE43300496248 /* AppDelegate.swift */ = {isa = PBXFileReference; lastKnownFileType = sourcecode.swift; path = AppDelegate.swift; sourceTree = "<group>"; };
		E2945EC5214EE43300496248 /* Base */ = {isa = PBXFileReference; lastKnownFileType = file.storyboard; name = Base; path = Base.lproj/Main.storyboard; sourceTree = "<group>"; };
		E2945EC7214EE43500496248 /* Assets.xcassets */ = {isa = PBXFileReference; lastKnownFileType = folder.assetcatalog; path = Assets.xcassets; sourceTree = "<group>"; };
		E2945ECA214EE43500496248 /* Base */ = {isa = PBXFileReference; lastKnownFileType = file.storyboard; name = Base; path = Base.lproj/LaunchScreen.storyboard; sourceTree = "<group>"; };
		E2945ECC214EE43500496248 /* Info.plist */ = {isa = PBXFileReference; lastKnownFileType = text.plist.xml; path = Info.plist; sourceTree = "<group>"; };
		E2945ED1214EE43500496248 /* PhotoramaTests.xctest */ = {isa = PBXFileReference; explicitFileType = wrapper.cfbundle; includeInIndex = 0; path = PhotoramaTests.xctest; sourceTree = BUILT_PRODUCTS_DIR; };
		E2945ED5214EE43500496248 /* PhotoramaTests.swift */ = {isa = PBXFileReference; lastKnownFileType = sourcecode.swift; path = PhotoramaTests.swift; sourceTree = "<group>"; };
		E2945ED7214EE43500496248 /* Info.plist */ = {isa = PBXFileReference; lastKnownFileType = text.plist.xml; path = Info.plist; sourceTree = "<group>"; };
		E2945EDC214EE43500496248 /* PhotoramaUITests.xctest */ = {isa = PBXFileReference; explicitFileType = wrapper.cfbundle; includeInIndex = 0; path = PhotoramaUITests.xctest; sourceTree = BUILT_PRODUCTS_DIR; };
		E2945EE0214EE43500496248 /* PhotoramaUITests.swift */ = {isa = PBXFileReference; lastKnownFileType = sourcecode.swift; path = PhotoramaUITests.swift; sourceTree = "<group>"; };
		E2945EE2214EE43500496248 /* Info.plist */ = {isa = PBXFileReference; lastKnownFileType = text.plist.xml; path = Info.plist; sourceTree = "<group>"; };
		E2945EEE214EE48400496248 /* PhotosViewController.swift */ = {isa = PBXFileReference; lastKnownFileType = sourcecode.swift; path = PhotosViewController.swift; sourceTree = "<group>"; };
		E2945EF0214EE8B800496248 /* FlickrAPI.swift */ = {isa = PBXFileReference; lastKnownFileType = sourcecode.swift; path = FlickrAPI.swift; sourceTree = "<group>"; };
		E2945EF2214EFD0F00496248 /* PhotoStore.swift */ = {isa = PBXFileReference; lastKnownFileType = sourcecode.swift; path = PhotoStore.swift; sourceTree = "<group>"; };
		E2C11312216436B5005B7382 /* PhotoCollectionViewCell.swift */ = {isa = PBXFileReference; lastKnownFileType = sourcecode.swift; path = PhotoCollectionViewCell.swift; sourceTree = "<group>"; };
		E2C11314216AB554005B7382 /* ImageStore.swift */ = {isa = PBXFileReference; fileEncoding = 4; lastKnownFileType = sourcecode.swift; path = ImageStore.swift; sourceTree = "<group>"; };
		E2C11318216ABA4B005B7382 /* PhotoInfoViewController.swift */ = {isa = PBXFileReference; lastKnownFileType = sourcecode.swift; path = PhotoInfoViewController.swift; sourceTree = "<group>"; };
		E2CDA6AF2161AFC1000F38F6 /* PhotoDataSource.swift */ = {isa = PBXFileReference; lastKnownFileType = sourcecode.swift; path = PhotoDataSource.swift; sourceTree = "<group>"; };
/* End PBXFileReference section */

/* Begin PBXFrameworksBuildPhase section */
		E2945EBA214EE43300496248 /* Frameworks */ = {
			isa = PBXFrameworksBuildPhase;
			buildActionMask = 2147483647;
			files = (
			);
			runOnlyForDeploymentPostprocessing = 0;
		};
		E2945ECE214EE43500496248 /* Frameworks */ = {
			isa = PBXFrameworksBuildPhase;
			buildActionMask = 2147483647;
			files = (
			);
			runOnlyForDeploymentPostprocessing = 0;
		};
		E2945ED9214EE43500496248 /* Frameworks */ = {
			isa = PBXFrameworksBuildPhase;
			buildActionMask = 2147483647;
			files = (
			);
			runOnlyForDeploymentPostprocessing = 0;
		};
/* End PBXFrameworksBuildPhase section */

/* Begin PBXGroup section */
		E2945EB4214EE43300496248 = {
			isa = PBXGroup;
			children = (
				E2945EBF214EE43300496248 /* Photorama */,
				E2945ED4214EE43500496248 /* PhotoramaTests */,
				E2945EDF214EE43500496248 /* PhotoramaUITests */,
				E2945EBE214EE43300496248 /* Products */,
			);
			sourceTree = "<group>";
		};
		E2945EBE214EE43300496248 /* Products */ = {
			isa = PBXGroup;
			children = (
				E2945EBD214EE43300496248 /* Photorama.app */,
				E2945ED1214EE43500496248 /* PhotoramaTests.xctest */,
				E2945EDC214EE43500496248 /* PhotoramaUITests.xctest */,
			);
			name = Products;
			sourceTree = "<group>";
		};
		E2945EBF214EE43300496248 /* Photorama */ = {
			isa = PBXGroup;
			children = (
				E2945EC4214EE43300496248 /* Main.storyboard */,
				E2945EC0214EE43300496248 /* AppDelegate.swift */,
				E2945EEE214EE48400496248 /* PhotosViewController.swift */,
				E2945EF0214EE8B800496248 /* FlickrAPI.swift */,
				E27A66EC2156CFFA0042B561 /* Photo.swift */,
				E2945EF2214EFD0F00496248 /* PhotoStore.swift */,
				E2C11312216436B5005B7382 /* PhotoCollectionViewCell.swift */,
				E2C11318216ABA4B005B7382 /* PhotoInfoViewController.swift */,
				E2C11314216AB554005B7382 /* ImageStore.swift */,
				E2CDA6AF2161AFC1000F38F6 /* PhotoDataSource.swift */,
				E2945EC7214EE43500496248 /* Assets.xcassets */,
				E2945EC9214EE43500496248 /* LaunchScreen.storyboard */,
				E2945ECC214EE43500496248 /* Info.plist */,
				E2807689216FB35200AE53D7 /* Photorama.xcdatamodeld */,
			);
			path = Photorama;
			sourceTree = "<group>";
		};
		E2945ED4214EE43500496248 /* PhotoramaTests */ = {
			isa = PBXGroup;
			children = (
				E2945ED5214EE43500496248 /* PhotoramaTests.swift */,
				E2945ED7214EE43500496248 /* Info.plist */,
			);
			path = PhotoramaTests;
			sourceTree = "<group>";
		};
		E2945EDF214EE43500496248 /* PhotoramaUITests */ = {
			isa = PBXGroup;
			children = (
				E2945EE0214EE43500496248 /* PhotoramaUITests.swift */,
				E2945EE2214EE43500496248 /* Info.plist */,
			);
			path = PhotoramaUITests;
			sourceTree = "<group>";
		};
/* End PBXGroup section */

/* Begin PBXNativeTarget section */
		E2945EBC214EE43300496248 /* Photorama */ = {
			isa = PBXNativeTarget;
			buildConfigurationList = E2945EE5214EE43500496248 /* Build configuration list for PBXNativeTarget "Photorama" */;
			buildPhases = (
				E2945EB9214EE43300496248 /* Sources */,
				E2945EBA214EE43300496248 /* Frameworks */,
				E2945EBB214EE43300496248 /* Resources */,
			);
			buildRules = (
			);
			dependencies = (
			);
			name = Photorama;
			productName = Photorama;
			productReference = E2945EBD214EE43300496248 /* Photorama.app */;
			productType = "com.apple.product-type.application";
		};
		E2945ED0214EE43500496248 /* PhotoramaTests */ = {
			isa = PBXNativeTarget;
			buildConfigurationList = E2945EE8214EE43500496248 /* Build configuration list for PBXNativeTarget "PhotoramaTests" */;
			buildPhases = (
				E2945ECD214EE43500496248 /* Sources */,
				E2945ECE214EE43500496248 /* Frameworks */,
				E2945ECF214EE43500496248 /* Resources */,
			);
			buildRules = (
			);
			dependencies = (
				E2945ED3214EE43500496248 /* PBXTargetDependency */,
			);
			name = PhotoramaTests;
			productName = PhotoramaTests;
			productReference = E2945ED1214EE43500496248 /* PhotoramaTests.xctest */;
			productType = "com.apple.product-type.bundle.unit-test";
		};
		E2945EDB214EE43500496248 /* PhotoramaUITests */ = {
			isa = PBXNativeTarget;
			buildConfigurationList = E2945EEB214EE43500496248 /* Build configuration list for PBXNativeTarget "PhotoramaUITests" */;
			buildPhases = (
				E2945ED8214EE43500496248 /* Sources */,
				E2945ED9214EE43500496248 /* Frameworks */,
				E2945EDA214EE43500496248 /* Resources */,
			);
			buildRules = (
			);
			dependencies = (
				E2945EDE214EE43500496248 /* PBXTargetDependency */,
			);
			name = PhotoramaUITests;
			productName = PhotoramaUITests;
			productReference = E2945EDC214EE43500496248 /* PhotoramaUITests.xctest */;
			productType = "com.apple.product-type.bundle.ui-testing";
		};
/* End PBXNativeTarget section */

/* Begin PBXProject section */
		E2945EB5214EE43300496248 /* Project object */ = {
			isa = PBXProject;
			attributes = {
				LastSwiftUpdateCheck = 0940;
				LastUpgradeCheck = 0940;
				ORGANIZATIONNAME = "Infinity and Beyond";
				TargetAttributes = {
					E2945EBC214EE43300496248 = {
						CreatedOnToolsVersion = 9.4.1;
						LastSwiftMigration = 1000;
					};
					E2945ED0214EE43500496248 = {
						CreatedOnToolsVersion = 9.4.1;
						LastSwiftMigration = 1000;
						TestTargetID = E2945EBC214EE43300496248;
					};
					E2945EDB214EE43500496248 = {
						CreatedOnToolsVersion = 9.4.1;
						LastSwiftMigration = 1000;
						TestTargetID = E2945EBC214EE43300496248;
					};
				};
			};
			buildConfigurationList = E2945EB8214EE43300496248 /* Build configuration list for PBXProject "Photorama" */;
			compatibilityVersion = "Xcode 9.3";
			developmentRegion = en;
			hasScannedForEncodings = 0;
			knownRegions = (
				en,
				Base,
			);
			mainGroup = E2945EB4214EE43300496248;
			productRefGroup = E2945EBE214EE43300496248 /* Products */;
			projectDirPath = "";
			projectRoot = "";
			targets = (
				E2945EBC214EE43300496248 /* Photorama */,
				E2945ED0214EE43500496248 /* PhotoramaTests */,
				E2945EDB214EE43500496248 /* PhotoramaUITests */,
			);
		};
/* End PBXProject section */

/* Begin PBXResourcesBuildPhase section */
		E2945EBB214EE43300496248 /* Resources */ = {
			isa = PBXResourcesBuildPhase;
			buildActionMask = 2147483647;
			files = (
				E2945ECB214EE43500496248 /* LaunchScreen.storyboard in Resources */,
				E2945EC8214EE43500496248 /* Assets.xcassets in Resources */,
				E2945EC6214EE43300496248 /* Main.storyboard in Resources */,
			);
			runOnlyForDeploymentPostprocessing = 0;
		};
		E2945ECF214EE43500496248 /* Resources */ = {
			isa = PBXResourcesBuildPhase;
			buildActionMask = 2147483647;
			files = (
			);
			runOnlyForDeploymentPostprocessing = 0;
		};
		E2945EDA214EE43500496248 /* Resources */ = {
			isa = PBXResourcesBuildPhase;
			buildActionMask = 2147483647;
			files = (
			);
			runOnlyForDeploymentPostprocessing = 0;
		};
/* End PBXResourcesBuildPhase section */

/* Begin PBXSourcesBuildPhase section */
		E2945EB9214EE43300496248 /* Sources */ = {
			isa = PBXSourcesBuildPhase;
			buildActionMask = 2147483647;
			files = (
				E2945EEF214EE48400496248 /* PhotosViewController.swift in Sources */,
				E2945EC1214EE43300496248 /* AppDelegate.swift in Sources */,
				E2945EF3214EFD0F00496248 /* PhotoStore.swift in Sources */,
				E2C11315216AB554005B7382 /* ImageStore.swift in Sources */,
				E2CDA6B02161AFC1000F38F6 /* PhotoDataSource.swift in Sources */,
				E280768B216FB35200AE53D7 /* Photorama.xcdatamodeld in Sources */,
				E2C11313216436B5005B7382 /* PhotoCollectionViewCell.swift in Sources */,
				E2945EF1214EE8B800496248 /* FlickrAPI.swift in Sources */,
				E27A66ED2156CFFA0042B561 /* Photo.swift in Sources */,
				E2C11319216ABA4B005B7382 /* PhotoInfoViewController.swift in Sources */,
			);
			runOnlyForDeploymentPostprocessing = 0;
		};
		E2945ECD214EE43500496248 /* Sources */ = {
			isa = PBXSourcesBuildPhase;
			buildActionMask = 2147483647;
			files = (
				E2945ED6214EE43500496248 /* PhotoramaTests.swift in Sources */,
			);
			runOnlyForDeploymentPostprocessing = 0;
		};
		E2945ED8214EE43500496248 /* Sources */ = {
			isa = PBXSourcesBuildPhase;
			buildActionMask = 2147483647;
			files = (
				E2945EE1214EE43500496248 /* PhotoramaUITests.swift in Sources */,
			);
			runOnlyForDeploymentPostprocessing = 0;
		};
/* End PBXSourcesBuildPhase section */

/* Begin PBXTargetDependency section */
		E2945ED3214EE43500496248 /* PBXTargetDependency */ = {
			isa = PBXTargetDependency;
			target = E2945EBC214EE43300496248 /* Photorama */;
			targetProxy = E2945ED2214EE43500496248 /* PBXContainerItemProxy */;
		};
		E2945EDE214EE43500496248 /* PBXTargetDependency */ = {
			isa = PBXTargetDependency;
			target = E2945EBC214EE43300496248 /* Photorama */;
			targetProxy = E2945EDD214EE43500496248 /* PBXContainerItemProxy */;
		};
/* End PBXTargetDependency section */

/* Begin PBXVariantGroup section */
		E2945EC4214EE43300496248 /* Main.storyboard */ = {
			isa = PBXVariantGroup;
			children = (
				E2945EC5214EE43300496248 /* Base */,
			);
			name = Main.storyboard;
			sourceTree = "<group>";
		};
		E2945EC9214EE43500496248 /* LaunchScreen.storyboard */ = {
			isa = PBXVariantGroup;
			children = (
				E2945ECA214EE43500496248 /* Base */,
			);
			name = LaunchScreen.storyboard;
			sourceTree = "<group>";
		};
/* End PBXVariantGroup section */

/* Begin XCBuildConfiguration section */
		E2945EE3214EE43500496248 /* Debug */ = {
			isa = XCBuildConfiguration;
			buildSettings = {
				ALWAYS_SEARCH_USER_PATHS = NO;
				CLANG_ANALYZER_NONNULL = YES;
				CLANG_ANALYZER_NUMBER_OBJECT_CONVERSION = YES_AGGRESSIVE;
				CLANG_CXX_LANGUAGE_STANDARD = "gnu++14";
				CLANG_CXX_LIBRARY = "libc++";
				CLANG_ENABLE_MODULES = YES;
				CLANG_ENABLE_OBJC_ARC = YES;
				CLANG_ENABLE_OBJC_WEAK = YES;
				CLANG_WARN_BLOCK_CAPTURE_AUTORELEASING = YES;
				CLANG_WARN_BOOL_CONVERSION = YES;
				CLANG_WARN_COMMA = YES;
				CLANG_WARN_CONSTANT_CONVERSION = YES;
				CLANG_WARN_DEPRECATED_OBJC_IMPLEMENTATIONS = YES;
				CLANG_WARN_DIRECT_OBJC_ISA_USAGE = YES_ERROR;
				CLANG_WARN_DOCUMENTATION_COMMENTS = YES;
				CLANG_WARN_EMPTY_BODY = YES;
				CLANG_WARN_ENUM_CONVERSION = YES;
				CLANG_WARN_INFINITE_RECURSION = YES;
				CLANG_WARN_INT_CONVERSION = YES;
				CLANG_WARN_NON_LITERAL_NULL_CONVERSION = YES;
				CLANG_WARN_OBJC_IMPLICIT_RETAIN_SELF = YES;
				CLANG_WARN_OBJC_LITERAL_CONVERSION = YES;
				CLANG_WARN_OBJC_ROOT_CLASS = YES_ERROR;
				CLANG_WARN_RANGE_LOOP_ANALYSIS = YES;
				CLANG_WARN_STRICT_PROTOTYPES = YES;
				CLANG_WARN_SUSPICIOUS_MOVE = YES;
				CLANG_WARN_UNGUARDED_AVAILABILITY = YES_AGGRESSIVE;
				CLANG_WARN_UNREACHABLE_CODE = YES;
				CLANG_WARN__DUPLICATE_METHOD_MATCH = YES;
				CODE_SIGN_IDENTITY = "iPhone Developer";
				COPY_PHASE_STRIP = NO;
				DEBUG_INFORMATION_FORMAT = dwarf;
				ENABLE_STRICT_OBJC_MSGSEND = YES;
				ENABLE_TESTABILITY = YES;
				GCC_C_LANGUAGE_STANDARD = gnu11;
				GCC_DYNAMIC_NO_PIC = NO;
				GCC_NO_COMMON_BLOCKS = YES;
				GCC_OPTIMIZATION_LEVEL = 0;
				GCC_PREPROCESSOR_DEFINITIONS = (
					"DEBUG=1",
					"$(inherited)",
				);
				GCC_WARN_64_TO_32_BIT_CONVERSION = YES;
				GCC_WARN_ABOUT_RETURN_TYPE = YES_ERROR;
				GCC_WARN_UNDECLARED_SELECTOR = YES;
				GCC_WARN_UNINITIALIZED_AUTOS = YES_AGGRESSIVE;
				GCC_WARN_UNUSED_FUNCTION = YES;
				GCC_WARN_UNUSED_VARIABLE = YES;
				IPHONEOS_DEPLOYMENT_TARGET = 11.4;
				MTL_ENABLE_DEBUG_INFO = YES;
				ONLY_ACTIVE_ARCH = YES;
				SDKROOT = iphoneos;
				SWIFT_ACTIVE_COMPILATION_CONDITIONS = DEBUG;
				SWIFT_OPTIMIZATION_LEVEL = "-Onone";
			};
			name = Debug;
		};
		E2945EE4214EE43500496248 /* Release */ = {
			isa = XCBuildConfiguration;
			buildSettings = {
				ALWAYS_SEARCH_USER_PATHS = NO;
				CLANG_ANALYZER_NONNULL = YES;
				CLANG_ANALYZER_NUMBER_OBJECT_CONVERSION = YES_AGGRESSIVE;
				CLANG_CXX_LANGUAGE_STANDARD = "gnu++14";
				CLANG_CXX_LIBRARY = "libc++";
				CLANG_ENABLE_MODULES = YES;
				CLANG_ENABLE_OBJC_ARC = YES;
				CLANG_ENABLE_OBJC_WEAK = YES;
				CLANG_WARN_BLOCK_CAPTURE_AUTORELEASING = YES;
				CLANG_WARN_BOOL_CONVERSION = YES;
				CLANG_WARN_COMMA = YES;
				CLANG_WARN_CONSTANT_CONVERSION = YES;
				CLANG_WARN_DEPRECATED_OBJC_IMPLEMENTATIONS = YES;
				CLANG_WARN_DIRECT_OBJC_ISA_USAGE = YES_ERROR;
				CLANG_WARN_DOCUMENTATION_COMMENTS = YES;
				CLANG_WARN_EMPTY_BODY = YES;
				CLANG_WARN_ENUM_CONVERSION = YES;
				CLANG_WARN_INFINITE_RECURSION = YES;
				CLANG_WARN_INT_CONVERSION = YES;
				CLANG_WARN_NON_LITERAL_NULL_CONVERSION = YES;
				CLANG_WARN_OBJC_IMPLICIT_RETAIN_SELF = YES;
				CLANG_WARN_OBJC_LITERAL_CONVERSION = YES;
				CLANG_WARN_OBJC_ROOT_CLASS = YES_ERROR;
				CLANG_WARN_RANGE_LOOP_ANALYSIS = YES;
				CLANG_WARN_STRICT_PROTOTYPES = YES;
				CLANG_WARN_SUSPICIOUS_MOVE = YES;
				CLANG_WARN_UNGUARDED_AVAILABILITY = YES_AGGRESSIVE;
				CLANG_WARN_UNREACHABLE_CODE = YES;
				CLANG_WARN__DUPLICATE_METHOD_MATCH = YES;
				CODE_SIGN_IDENTITY = "iPhone Developer";
				COPY_PHASE_STRIP = NO;
				DEBUG_INFORMATION_FORMAT = "dwarf-with-dsym";
				ENABLE_NS_ASSERTIONS = NO;
				ENABLE_STRICT_OBJC_MSGSEND = YES;
				GCC_C_LANGUAGE_STANDARD = gnu11;
				GCC_NO_COMMON_BLOCKS = YES;
				GCC_WARN_64_TO_32_BIT_CONVERSION = YES;
				GCC_WARN_ABOUT_RETURN_TYPE = YES_ERROR;
				GCC_WARN_UNDECLARED_SELECTOR = YES;
				GCC_WARN_UNINITIALIZED_AUTOS = YES_AGGRESSIVE;
				GCC_WARN_UNUSED_FUNCTION = YES;
				GCC_WARN_UNUSED_VARIABLE = YES;
				IPHONEOS_DEPLOYMENT_TARGET = 11.4;
				MTL_ENABLE_DEBUG_INFO = NO;
				SDKROOT = iphoneos;
				SWIFT_COMPILATION_MODE = wholemodule;
				SWIFT_OPTIMIZATION_LEVEL = "-O";
				VALIDATE_PRODUCT = YES;
			};
			name = Release;
		};
		E2945EE6214EE43500496248 /* Debug */ = {
			isa = XCBuildConfiguration;
			buildSettings = {
				ASSETCATALOG_COMPILER_APPICON_NAME = AppIcon;
				CODE_SIGN_STYLE = Automatic;
				DEVELOPMENT_TEAM = J7E9UND5FA;
				INFOPLIST_FILE = Photorama/Info.plist;
				LD_RUNPATH_SEARCH_PATHS = (
					"$(inherited)",
					"@executable_path/Frameworks",
				);
				PRODUCT_BUNDLE_IDENTIFIER = Thomas.Feng.Photorama;
				PRODUCT_NAME = "$(TARGET_NAME)";
				SWIFT_VERSION = 4.2;
				TARGETED_DEVICE_FAMILY = "1,2";
			};
			name = Debug;
		};
		E2945EE7214EE43500496248 /* Release */ = {
			isa = XCBuildConfiguration;
			buildSettings = {
				ASSETCATALOG_COMPILER_APPICON_NAME = AppIcon;
				CODE_SIGN_STYLE = Automatic;
				DEVELOPMENT_TEAM = J7E9UND5FA;
				INFOPLIST_FILE = Photorama/Info.plist;
				LD_RUNPATH_SEARCH_PATHS = (
					"$(inherited)",
					"@executable_path/Frameworks",
				);
				PRODUCT_BUNDLE_IDENTIFIER = Thomas.Feng.Photorama;
				PRODUCT_NAME = "$(TARGET_NAME)";
				SWIFT_VERSION = 4.2;
				TARGETED_DEVICE_FAMILY = "1,2";
			};
			name = Release;
		};
		E2945EE9214EE43500496248 /* Debug */ = {
			isa = XCBuildConfiguration;
			buildSettings = {
				ALWAYS_EMBED_SWIFT_STANDARD_LIBRARIES = YES;
				BUNDLE_LOADER = "$(TEST_HOST)";
				CODE_SIGN_STYLE = Automatic;
				INFOPLIST_FILE = PhotoramaTests/Info.plist;
				LD_RUNPATH_SEARCH_PATHS = (
					"$(inherited)",
					"@executable_path/Frameworks",
					"@loader_path/Frameworks",
				);
				PRODUCT_BUNDLE_IDENTIFIER = Thomas.Feng.PhotoramaTests;
				PRODUCT_NAME = "$(TARGET_NAME)";
				SWIFT_VERSION = 4.2;
				TARGETED_DEVICE_FAMILY = "1,2";
				TEST_HOST = "$(BUILT_PRODUCTS_DIR)/Photorama.app/Photorama";
			};
			name = Debug;
		};
		E2945EEA214EE43500496248 /* Release */ = {
			isa = XCBuildConfiguration;
			buildSettings = {
				ALWAYS_EMBED_SWIFT_STANDARD_LIBRARIES = YES;
				BUNDLE_LOADER = "$(TEST_HOST)";
				CODE_SIGN_STYLE = Automatic;
				INFOPLIST_FILE = PhotoramaTests/Info.plist;
				LD_RUNPATH_SEARCH_PATHS = (
					"$(inherited)",
					"@executable_path/Frameworks",
					"@loader_path/Frameworks",
				);
				PRODUCT_BUNDLE_IDENTIFIER = Thomas.Feng.PhotoramaTests;
				PRODUCT_NAME = "$(TARGET_NAME)";
				SWIFT_VERSION = 4.2;
				TARGETED_DEVICE_FAMILY = "1,2";
				TEST_HOST = "$(BUILT_PRODUCTS_DIR)/Photorama.app/Photorama";
			};
			name = Release;
		};
		E2945EEC214EE43500496248 /* Debug */ = {
			isa = XCBuildConfiguration;
			buildSettings = {
				ALWAYS_EMBED_SWIFT_STANDARD_LIBRARIES = YES;
				CODE_SIGN_STYLE = Automatic;
				INFOPLIST_FILE = PhotoramaUITests/Info.plist;
				LD_RUNPATH_SEARCH_PATHS = (
					"$(inherited)",
					"@executable_path/Frameworks",
					"@loader_path/Frameworks",
				);
				PRODUCT_BUNDLE_IDENTIFIER = Thomas.Feng.PhotoramaUITests;
				PRODUCT_NAME = "$(TARGET_NAME)";
				SWIFT_VERSION = 4.2;
				TARGETED_DEVICE_FAMILY = "1,2";
				TEST_TARGET_NAME = Photorama;
			};
			name = Debug;
		};
		E2945EED214EE43500496248 /* Release */ = {
			isa = XCBuildConfiguration;
			buildSettings = {
				ALWAYS_EMBED_SWIFT_STANDARD_LIBRARIES = YES;
				CODE_SIGN_STYLE = Automatic;
				INFOPLIST_FILE = PhotoramaUITests/Info.plist;
				LD_RUNPATH_SEARCH_PATHS = (
					"$(inherited)",
					"@executable_path/Frameworks",
					"@loader_path/Frameworks",
				);
				PRODUCT_BUNDLE_IDENTIFIER = Thomas.Feng.PhotoramaUITests;
				PRODUCT_NAME = "$(TARGET_NAME)";
				SWIFT_VERSION = 4.2;
				TARGETED_DEVICE_FAMILY = "1,2";
				TEST_TARGET_NAME = Photorama;
			};
			name = Release;
		};
/* End XCBuildConfiguration section */

/* Begin XCConfigurationList section */
		E2945EB8214EE43300496248 /* Build configuration list for PBXProject "Photorama" */ = {
			isa = XCConfigurationList;
			buildConfigurations = (
				E2945EE3214EE43500496248 /* Debug */,
				E2945EE4214EE43500496248 /* Release */,
			);
			defaultConfigurationIsVisible = 0;
			defaultConfigurationName = Release;
		};
		E2945EE5214EE43500496248 /* Build configuration list for PBXNativeTarget "Photorama" */ = {
			isa = XCConfigurationList;
			buildConfigurations = (
				E2945EE6214EE43500496248 /* Debug */,
				E2945EE7214EE43500496248 /* Release */,
			);
			defaultConfigurationIsVisible = 0;
			defaultConfigurationName = Release;
		};
		E2945EE8214EE43500496248 /* Build configuration list for PBXNativeTarget "PhotoramaTests" */ = {
			isa = XCConfigurationList;
			buildConfigurations = (
				E2945EE9214EE43500496248 /* Debug */,
				E2945EEA214EE43500496248 /* Release */,
			);
			defaultConfigurationIsVisible = 0;
			defaultConfigurationName = Release;
		};
		E2945EEB214EE43500496248 /* Build configuration list for PBXNativeTarget "PhotoramaUITests" */ = {
			isa = XCConfigurationList;
			buildConfigurations = (
				E2945EEC214EE43500496248 /* Debug */,
				E2945EED214EE43500496248 /* Release */,
			);
			defaultConfigurationIsVisible = 0;
			defaultConfigurationName = Release;
		};
/* End XCConfigurationList section */

/* Begin XCVersionGroup section */
		E2807689216FB35200AE53D7 /* Photorama.xcdatamodeld */ = {
			isa = XCVersionGroup;
			children = (
				E280768A216FB35200AE53D7 /* Photorama.xcdatamodel */,
			);
			currentVersion = E280768A216FB35200AE53D7 /* Photorama.xcdatamodel */;
			path = Photorama.xcdatamodeld;
			sourceTree = "<group>";
			versionGroupType = wrapper.xcdatamodel;
		};
/* End XCVersionGroup section */
	};
	rootObject = E2945EB5214EE43300496248 /* Project object */;
}
